Microsoft Visual Studio Solution File, Format Version 12.00
# Visual Studio Version 17
VisualStudioVersion = 17.5.2.0
MinimumVisualStudioVersion = 10.0.40219.1
Project("{FAE04EC0-301F-11D3-BF4B-00C04F79EFBC}") = "Vending.Api", "Vending.Api\Vending.Api.csproj", "{1921FF47-82EF-D30D-B334-EE2D953EB7FA}"
EndProject
Global
	GlobalSection(SolutionConfigurationPlatforms) = preSolution
		Debug|Any CPU = Debug|Any CPU
		Release|Any CPU = Release|Any CPU
	EndGlobalSection
	GlobalSection(ProjectConfigurationPlatforms) = postSolution
		{1921FF47-82EF-D30D-B334-EE2D953EB7FA}.Debug|Any CPU.ActiveCfg = Debug|Any CPU
		{1921FF47-82EF-D30D-B334-EE2D953EB7FA}.Debug|Any CPU.Build.0 = Debug|Any CPU
		{1921FF47-82EF-D30D-B334-EE2D953EB7FA}.Release|Any CPU.ActiveCfg = Release|Any CPU
		{1921FF47-82EF-D30D-B334-EE2D953EB7FA}.Release|Any CPU.Build.0 = Release|Any CPU
	EndGlobalSection
	GlobalSection(SolutionProperties) = preSolution
		HideSolutionNode = FALSE
	EndGlobalSection
	GlobalSection(ExtensibilityGlobals) = postSolution
		SolutionGuid = {3F71CAE3-F082-461E-93D6-0428B527953D}
	EndGlobalSection
EndGlobal
